<?xml version="1.0" encoding="utf-8"?>
<Project ToolsVersion="4.0" xmlns="http://schemas.microsoft.com/developer/msbuild/2003">
  <ItemGroup>
    <Filter Include="main">
      <UniqueIdentifier>{9043d16e-10b6-4756-892e-92c1e632a598}</UniqueIdentifier>
    </Filter>
  </ItemGroup>
  <ItemGroup>
    <ClCompile Include="Main.cpp">
      <Filter>main</Filter>
    </ClCompile>
    <ClCompile Include="Class_Graph.cpp">
      <Filter>main</Filter>
    </ClCompile>
    <ClCompile Include="prima.cpp">
      <Filter>main</Filter>
    </ClCompile>
    <ClCompile Include="pq-adjacency.cpp">
      <Filter>main</Filter>
    </ClCompile>
    <ClCompile Include="simplecycles.cpp">
      <Filter>main</Filter>
    </ClCompile>
    <ClCompile Include="deg.cpp">
      <Filter>main</Filter>
    </ClCompile>
    <ClCompile Include="additiontothegraph.cpp">
      <Filter>main</Filter>
    </ClCompile>
    <ClCompile Include="complete_graph.cpp">
      <Filter>main</Filter>
    </ClCompile>
    <ClCompile Include="multi.cpp">
      <Filter>main</Filter>
    </ClCompile>
    <ClCompile Include="psevdo.cpp">
      <Filter>main</Filter>
    </ClCompile>
    <ClCompile Include="marshrut.cpp">
      <Filter>main</Filter>
    </ClCompile>
    <ClCompile Include="kraskala.cpp">
      <Filter>main</Filter>
    </ClCompile>
    <ClCompile Include="cycles.cpp">
      <Filter>main</Filter>
    </ClCompile>
    <ClCompile Include="DA_2.cpp">
      <Filter>main</Filter>
    </ClCompile>
    <ClCompile Include="regular.cpp">
      <Filter>main</Filter>
    </ClCompile>
    <ClCompile Include="reachability_matrix.cpp">
      <Filter>main</Filter>
    </ClCompile>
    <ClCompile Include="distances.cpp">
      <Filter>main</Filter>
    </ClCompile>
    <ClCompile Include="degree_of_connectivity.cpp">
      <Filter>main</Filter>
    </ClCompile>
  </ItemGroup>
  <ItemGroup>
    <ClInclude Include="Class_Graph.h">
      <Filter>main</Filter>
    </ClInclude>
    <ClInclude Include="Algorithm.h">
      <Filter>main</Filter>
    </ClInclude>
    <ClInclude Include="Libraries.h">
      <Filter>main</Filter>
    </ClInclude>
  </ItemGroup>
</Project>